# THIS IS AN AUTOGENERATED FILE. DO NOT EDIT THIS FILE DIRECTLY.
# yarn lockfile v1


"@babel/runtime@^7.1.2", "@babel/runtime@^7.4.2", "@babel/runtime@^7.4.5", "@babel/runtime@^7.5.5", "@babel/runtime@^7.6.3", "@babel/runtime@^7.8.7":
  version "7.11.2"
  resolved "https://registry.yarnpkg.com/@babel/runtime/-/runtime-7.11.2.tgz#f549c13c754cc40b87644b9fa9f09a6a95fe0736"
  integrity sha512-TeWkU52so0mPtDcaCTxNBI/IHiz0pZgr8VEFqXFtZWpYD08ZB6FaSwVAS8MKRQAP3bYKiVjwysOJgMFY28o6Tw==
  dependencies:
    regenerator-runtime "^0.13.4"

"@emotion/is-prop-valid@^0.8.2":
  version "0.8.8"
  resolved "https://registry.yarnpkg.com/@emotion/is-prop-valid/-/is-prop-valid-0.8.8.tgz#db28b1c4368a259b60a97311d6a952d4fd01ac1a"
  integrity sha512-u5WtneEAr5IDG2Wv65yhunPSMLIpuKsbuOktRojfrEiEvRyC85LgPMZI63cr7NUqT8ZIGdSVg8ZKGxIug4lXcA==
  dependencies:
    "@emotion/memoize" "0.7.4"

"@emotion/memoize@0.7.4":
  version "0.7.4"
  resolved "https://registry.yarnpkg.com/@emotion/memoize/-/memoize-0.7.4.tgz#19bf0f5af19149111c40d98bb0cf82119f5d9eeb"
  integrity sha512-Ja/Vfqe3HpuzRsG1oBtWTHk2PGZ7GR+2Vz5iYGelAw8dx32K0y7PjVuxK6z1nMpZOqAFsRUPCkK1YjJ56qJlgw==

"@next/env@13.2.4":
  version "13.2.4"
  resolved "https://registry.yarnpkg.com/@next/env/-/env-13.2.4.tgz#8b763700262b2445140a44a8c8d088cef676dbae"
  integrity sha512-+Mq3TtpkeeKFZanPturjcXt+KHfKYnLlX6jMLyCrmpq6OOs4i1GqBOAauSkii9QeKCMTYzGppar21JU57b/GEA==

"@next/swc-android-arm-eabi@13.2.4":
  version "13.2.4"
  resolved "https://registry.yarnpkg.com/@next/swc-android-arm-eabi/-/swc-android-arm-eabi-13.2.4.tgz#758d0403771e549f9cee71cbabc0cb16a6c947c0"
  integrity sha512-DWlalTSkLjDU11MY11jg17O1gGQzpRccM9Oes2yTqj2DpHndajrXHGxj9HGtJ+idq2k7ImUdJVWS2h2l/EDJOw==

"@next/swc-android-arm64@13.2.4":
  version "13.2.4"
  resolved "https://registry.yarnpkg.com/@next/swc-android-arm64/-/swc-android-arm64-13.2.4.tgz#834d586523045110d5602e0c8aae9028835ac427"
  integrity sha512-sRavmUImUCf332Gy+PjIfLkMhiRX1Ez4SI+3vFDRs1N5eXp+uNzjFUK/oLMMOzk6KFSkbiK/3Wt8+dHQR/flNg==

"@next/swc-darwin-arm64@13.2.4":
  version "13.2.4"
  resolved "https://registry.yarnpkg.com/@next/swc-darwin-arm64/-/swc-darwin-arm64-13.2.4.tgz#5006fca179a36ef3a24d293abadec7438dbb48c6"
  integrity sha512-S6vBl+OrInP47TM3LlYx65betocKUUlTZDDKzTiRDbsRESeyIkBtZ6Qi5uT2zQs4imqllJznVjFd1bXLx3Aa6A==

"@next/swc-darwin-x64@13.2.4":
  version "13.2.4"
  resolved "https://registry.yarnpkg.com/@next/swc-darwin-x64/-/swc-darwin-x64-13.2.4.tgz#6549c7c04322766acc3264ccdb3e1b43fcaf7946"
  integrity sha512-a6LBuoYGcFOPGd4o8TPo7wmv5FnMr+Prz+vYHopEDuhDoMSHOnC+v+Ab4D7F0NMZkvQjEJQdJS3rqgFhlZmKlw==

"@next/swc-freebsd-x64@13.2.4":
  version "13.2.4"
  resolved "https://registry.yarnpkg.com/@next/swc-freebsd-x64/-/swc-freebsd-x64-13.2.4.tgz#0bbe28979e3e868debc2cc06e45e186ce195b7f4"
  integrity sha512-kkbzKVZGPaXRBPisoAQkh3xh22r+TD+5HwoC5bOkALraJ0dsOQgSMAvzMXKsN3tMzJUPS0tjtRf1cTzrQ0I5vQ==

"@next/swc-linux-arm-gnueabihf@13.2.4":
  version "13.2.4"
  resolved "https://registry.yarnpkg.com/@next/swc-linux-arm-gnueabihf/-/swc-linux-arm-gnueabihf-13.2.4.tgz#1d28d2203f5a7427d6e7119d7bcb5fc40959fb3e"
  integrity sha512-7qA1++UY0fjprqtjBZaOA6cas/7GekpjVsZn/0uHvquuITFCdKGFCsKNBx3S0Rpxmx6WYo0GcmhNRM9ru08BGg==

"@next/swc-linux-arm64-gnu@13.2.4":
  version "13.2.4"
  resolved "https://registry.yarnpkg.com/@next/swc-linux-arm64-gnu/-/swc-linux-arm64-gnu-13.2.4.tgz#eb26448190948cdf4c44b8f34110a3ecea32f1d0"
  integrity sha512-xzYZdAeq883MwXgcwc72hqo/F/dwUxCukpDOkx/j1HTq/J0wJthMGjinN9wH5bPR98Mfeh1MZJ91WWPnZOedOg==

"@next/swc-linux-arm64-musl@13.2.4":
  version "13.2.4"
  resolved "https://registry.yarnpkg.com/@next/swc-linux-arm64-musl/-/swc-linux-arm64-musl-13.2.4.tgz#c4227c0acd94a420bb14924820710e6284d234d3"
  integrity sha512-8rXr3WfmqSiYkb71qzuDP6I6R2T2tpkmf83elDN8z783N9nvTJf2E7eLx86wu2OJCi4T05nuxCsh4IOU3LQ5xw==

"@next/swc-linux-x64-gnu@13.2.4":
  version "13.2.4"
  resolved "https://registry.yarnpkg.com/@next/swc-linux-x64-gnu/-/swc-linux-x64-gnu-13.2.4.tgz#6bcb540944ee9b0209b33bfc23b240c2044dfc3e"
  integrity sha512-Ngxh51zGSlYJ4EfpKG4LI6WfquulNdtmHg1yuOYlaAr33KyPJp4HeN/tivBnAHcZkoNy0hh/SbwDyCnz5PFJQQ==

"@next/swc-linux-x64-musl@13.2.4":
  version "13.2.4"
  resolved "https://registry.yarnpkg.com/@next/swc-linux-x64-musl/-/swc-linux-x64-musl-13.2.4.tgz#ce21e43251eaf09a09df39372b2c3e38028c30ff"
  integrity sha512-gOvwIYoSxd+j14LOcvJr+ekd9fwYT1RyMAHOp7znA10+l40wkFiMONPLWiZuHxfRk+Dy7YdNdDh3ImumvL6VwA==

"@next/swc-win32-arm64-msvc@13.2.4":
  version "13.2.4"
  resolved "https://registry.yarnpkg.com/@next/swc-win32-arm64-msvc/-/swc-win32-arm64-msvc-13.2.4.tgz#68220063d8e5e082f5465498675640dedb670ff1"
  integrity sha512-q3NJzcfClgBm4HvdcnoEncmztxrA5GXqKeiZ/hADvC56pwNALt3ngDC6t6qr1YW9V/EPDxCYeaX4zYxHciW4Dw==

"@next/swc-win32-ia32-msvc@13.2.4":
  version "13.2.4"
  resolved "https://registry.yarnpkg.com/@next/swc-win32-ia32-msvc/-/swc-win32-ia32-msvc-13.2.4.tgz#7c120ab54a081be9566df310bed834f168252990"
  integrity sha512-/eZ5ncmHUYtD2fc6EUmAIZlAJnVT2YmxDsKs1Ourx0ttTtvtma/WKlMV5NoUsyOez0f9ExLyOpeCoz5aj+MPXw==

"@next/swc-win32-x64-msvc@13.2.4":
  version "13.2.4"
  resolved "https://registry.yarnpkg.com/@next/swc-win32-x64-msvc/-/swc-win32-x64-msvc-13.2.4.tgz#5abda92fe12b9829bf7951c4a221282c56041144"
  integrity sha512-0MffFmyv7tBLlji01qc0IaPP/LVExzvj7/R5x1Jph1bTAIj4Vu81yFQWHHQAP6r4ff9Ukj1mBK6MDNVXm7Tcvw==

"@popperjs/core@^2.0.0":
  version "2.4.4"
  resolved "https://registry.yarnpkg.com/@popperjs/core/-/core-2.4.4.tgz#11d5db19bd178936ec89cd84519c4de439574398"
  integrity sha512-1oO6+dN5kdIA3sKPZhRGJTfGVP4SWV6KqlMOwry4J3HfyD68sl/3KmG7DeYUzvN+RbhXDnv/D8vNNB8168tAMg==

"@restart/context@^2.1.4":
  version "2.1.4"
  resolved "https://registry.yarnpkg.com/@restart/context/-/context-2.1.4.tgz#a99d87c299a34c28bd85bb489cb07bfd23149c02"
  integrity sha512-INJYZQJP7g+IoDUh/475NlGiTeMfwTXUEr3tmRneckHIxNolGOW9CTq83S8cxq0CgJwwcMzMJFchxvlwe7Rk8Q==

"@restart/hooks@^0.3.12", "@restart/hooks@^0.3.21":
  version "0.3.25"
  resolved "https://registry.yarnpkg.com/@restart/hooks/-/hooks-0.3.25.tgz#11004139ad1c70d2f5965a8939dcb5aeb96aa652"
  integrity sha512-m2v3N5pxTsIiSH74/sb1yW8D9RxkJidGW+5Mfwn/lHb2QzhZNlaU1su7abSyT9EGf0xS/0waLjrf7/XxQHUk7w==
  dependencies:
    lodash "^4.17.15"
    lodash-es "^4.17.15"

"@swc/helpers@0.4.14":
  version "0.4.14"
  resolved "https://registry.yarnpkg.com/@swc/helpers/-/helpers-0.4.14.tgz#1352ac6d95e3617ccb7c1498ff019654f1e12a74"
  integrity sha512-4C7nX/dvpzB7za4Ql9K81xK3HPxCpHMgwTZVyf+9JQ6VUbn9jjZVN7/Nkdz/Ugzs2CSjqnL/UPXroiVBVHUWUw==
  dependencies:
    tslib "^2.4.0"

"@types/classnames@^2.2.10":
  version "2.2.10"
  resolved "https://registry.yarnpkg.com/@types/classnames/-/classnames-2.2.10.tgz#cc658ca319b6355399efc1f5b9e818f1a24bf999"
  integrity sha512-1UzDldn9GfYYEsWWnn/P4wkTlkZDH7lDb0wBMGbtIQc9zXEQq7FlKBdZUn6OBqD8sKZZ2RQO2mAjGpXiDGoRmQ==

"@types/invariant@^2.2.33":
  version "2.2.33"
  resolved "https://registry.yarnpkg.com/@types/invariant/-/invariant-2.2.33.tgz#ec5eec29c63bf5e4ca164e9feb3ef7337cdcbadb"
  integrity sha512-/jUNmS8d4bCKdqslfxW6dg/9Gksfzxz67IYfqApHn+HvHlMVXwYv2zpTDnS/yaK9BB0i0GlBTaYci0EFE62Hmw==

"@types/js-cookie@2.2.6":
  version "2.2.6"
  resolved "https://registry.yarnpkg.com/@types/js-cookie/-/js-cookie-2.2.6.tgz#f1a1cb35aff47bc5cfb05cb0c441ca91e914c26f"
  integrity sha512-+oY0FDTO2GYKEV0YPvSshGq9t7YozVkgvXLty7zogQNuCxBhT9/3INX9Q7H1aRZ4SUDRXAKlJuA4EA5nTt7SNw==

"@types/json-schema@^7.0.5":
  version "7.0.5"
  resolved "https://registry.yarnpkg.com/@types/json-schema/-/json-schema-7.0.5.tgz#dcce4430e64b443ba8945f0290fb564ad5bac6dd"
  integrity sha512-7+2BITlgjgDhH0vvwZU/HZJVyk+2XUlvxXe8dFMedNX/aMkaOq++rMAFXc0tM7ij15QaWlbdQASBR9dihi+bDQ==

"@types/prop-types@*", "@types/prop-types@^15.7.3":
  version "15.7.3"
  resolved "https://registry.yarnpkg.com/@types/prop-types/-/prop-types-15.7.3.tgz#2ab0d5da2e5815f94b0b9d4b95d1e5f243ab2ca7"
  integrity sha512-KfRL3PuHmqQLOG+2tGpRO26Ctg+Cq1E01D2DMriKEATHgWLfeNDmq9e29Q9WIky0dQ3NPkd1mzYH8Lm936Z9qw==

"@types/react-transition-group@^4.4.0":
  version "4.4.0"
  resolved "https://registry.yarnpkg.com/@types/react-transition-group/-/react-transition-group-4.4.0.tgz#882839db465df1320e4753e6e9f70ca7e9b4d46d"
  integrity sha512-/QfLHGpu+2fQOqQaXh8MG9q03bFENooTb/it4jr5kKaZlDQfWvjqWZg48AwzPVMBHlRuTRAY7hRHCEOXz5kV6w==
  dependencies:
    "@types/react" "*"

"@types/react@*", "@types/react@^16.9.11", "@types/react@^16.9.35":
  version "16.9.48"
  resolved "https://registry.yarnpkg.com/@types/react/-/react-16.9.48.tgz#d3387329f070d1b1bc0ff4a54a54ceefd5a8485c"
  integrity sha512-4ykBVswgYitPGMXFRxJCHkxJDU2rjfU3/zw67f8+dB7sNdVJXsrwqoYxz/stkAucymnEEbRPFmX7Ce5Mc/kJCw==
  dependencies:
    "@types/prop-types" "*"
    csstype "^3.0.2"

"@types/warning@^3.0.0":
  version "3.0.0"
  resolved "https://registry.yarnpkg.com/@types/warning/-/warning-3.0.0.tgz#0d2501268ad8f9962b740d387c4654f5f8e23e52"
  integrity sha1-DSUBJorY+ZYrdA04fEZU9fjiPlI=

"@xobotyi/scrollbar-width@1.9.5":
  version "1.9.5"
  resolved "https://registry.yarnpkg.com/@xobotyi/scrollbar-width/-/scrollbar-width-1.9.5.tgz#80224a6919272f405b87913ca13b92929bdf3c4d"
  integrity sha512-N8tkAACJx2ww8vFMneJmaAgmjAG1tnVBZJRLRcx061tmsLRZHSEZSLuGWnwPtunsSLvSqXQ2wfp7Mgqg1I+2dQ==

ajv-keywords@^3.5.2:
  version "3.5.2"
  resolved "https://registry.yarnpkg.com/ajv-keywords/-/ajv-keywords-3.5.2.tgz#31f29da5ab6e00d1c2d329acf7b5929614d5014d"
  integrity sha512-5p6WTN0DdTGVQk6VjcEju19IgaHudalcfabD7yhDGeA6bcQnmL+CpveLJq/3hvfwd1aof6L386Ougkx6RfyMIQ==

ajv@^6.12.4:
  version "6.12.4"
  resolved "https://registry.yarnpkg.com/ajv/-/ajv-6.12.4.tgz#0614facc4522127fa713445c6bfd3ebd376e2234"
  integrity sha512-eienB2c9qVQs2KWexhkrdMLVDoIQCz5KSeLxwg9Lzk4DOfBtIK9PQwwufcsn1jjGuf9WZmqPMbGxOzfcuphJCQ==
  dependencies:
    fast-deep-equal "^3.1.1"
    fast-json-stable-stringify "^2.0.0"
    json-schema-traverse "^0.4.1"
    uri-js "^4.2.2"

amator@^1.1.0:
  version "1.1.0"
  resolved "https://registry.yarnpkg.com/amator/-/amator-1.1.0.tgz#08c6b60bc93aec2b61bbfc0c4d677d30323cc0f1"
  integrity sha1-CMa2C8k67Cthu/wMTWd9MDI8wPE=
  dependencies:
    bezier-easing "^2.0.3"

bezier-easing@^2.0.3:
  version "2.1.0"
  resolved "https://registry.yarnpkg.com/bezier-easing/-/bezier-easing-2.1.0.tgz#c04dfe8b926d6ecaca1813d69ff179b7c2025d86"
  integrity sha1-wE3+i5JtbsrKGBPWn/F5t8ICXYY=

big.js@^5.2.2:
  version "5.2.2"
  resolved "https://registry.yarnpkg.com/big.js/-/big.js-5.2.2.tgz#65f0af382f578bcdc742bd9c281e9cb2d7768328"
  integrity sha512-vyL2OymJxmarO8gxMr0mhChsO9QGwhynfuu4+MHTAW6czfq9humCB7rKpUjDd9YUiDPU4mzpyupFSvOClAwbmQ==

bootstrap@^4.5.0:
  version "4.5.2"
  resolved "https://registry.yarnpkg.com/bootstrap/-/bootstrap-4.5.2.tgz#a85c4eda59155f0d71186b6e6ad9b875813779ab"
  integrity sha512-vlGn0bcySYl/iV+BGA544JkkZP5LB3jsmkeKLFQakCOwCM3AOk7VkldBz4jrzSe+Z0Ezn99NVXa1o45cQY4R6A==

bowser@^1.7.3:
  version "1.9.4"
  resolved "https://registry.yarnpkg.com/bowser/-/bowser-1.9.4.tgz#890c58a2813a9d3243704334fa81b96a5c150c9a"
  integrity sha512-9IdMmj2KjigRq6oWhmwv1W36pDuA4STQZ8q6YO9um+x07xgYNCD3Oou+WP/3L1HNz7iqythGet3/p4wvc8AAwQ==

caniuse-lite@^1.0.30001406:
  version "1.0.30001464"
  resolved "https://registry.yarnpkg.com/caniuse-lite/-/caniuse-lite-1.0.30001464.tgz#888922718df48ce5e33dcfe1a2af7d42676c5eb7"
  integrity sha512-oww27MtUmusatpRpCGSOneQk2/l5czXANDSFvsc7VuOQ86s3ANhZetpwXNf1zY/zdfP63Xvjz325DAdAoES13g==

classnames@^2.2.6:
  version "2.2.6"
  resolved "https://registry.yarnpkg.com/classnames/-/classnames-2.2.6.tgz#43935bffdd291f326dad0a205309b38d00f650ce"
  integrity sha512-JR/iSQOSt+LQIWwrwEzJ9uk0xfN3mTVYMwt1Ir5mUcSN6pU+V4zQFFaJsclJbPuAUQH+yfWef6tm7l1quW3C8Q==

client-only@0.0.1:
  version "0.0.1"
  resolved "https://registry.yarnpkg.com/client-only/-/client-only-0.0.1.tgz#38bba5d403c41ab150bff64a95c85013cf73bca1"
  integrity sha512-IV3Ou0jSMzZrd3pZ48nLkT9DA7Ag1pnPzaiQhpW7c3RbcqqzvzzVu+L8gfqMp/8IM2MQtSiqaCxrrcfu8I8rMA==

copy-to-clipboard@^3.2.0:
  version "3.3.1"
  resolved "https://registry.yarnpkg.com/copy-to-clipboard/-/copy-to-clipboard-3.3.1.tgz#115aa1a9998ffab6196f93076ad6da3b913662ae"
  integrity sha512-i13qo6kIHTTpCm8/Wup+0b1mVWETvu2kIMzKoK8FpkLkFxlt0znUAHcMzox+T8sPlqtZXq3CulEjQHsYiGFJUw==
  dependencies:
    toggle-selection "^1.0.6"

countup.js@^1.9.3:
  version "1.9.3"
  resolved "https://registry.yarnpkg.com/countup.js/-/countup.js-1.9.3.tgz#ce3e50cd7160441e478f07da31895edcc0f1c9dd"
  integrity sha1-zj5QzXFgRB5HjwfaMYle3MDxyd0=

css-in-js-utils@^2.0.0:
  version "2.0.1"
  resolved "https://registry.yarnpkg.com/css-in-js-utils/-/css-in-js-utils-2.0.1.tgz#3b472b398787291b47cfe3e44fecfdd9e914ba99"
  integrity sha512-PJF0SpJT+WdbVVt0AOYp9C8GnuruRlL/UFW7932nLWmFLQTaWEzTBQEx7/hn4BuV+WON75iAViSUJLiU3PKbpA==
  dependencies:
    hyphenate-style-name "^1.0.2"
    isobject "^3.0.1"

css-tree@^1.0.0-alpha.28:
  version "1.0.0-alpha.39"
  resolved "https://registry.yarnpkg.com/css-tree/-/css-tree-1.0.0-alpha.39.tgz#2bff3ffe1bb3f776cf7eefd91ee5cba77a149eeb"
  integrity sha512-7UvkEYgBAHRG9Nt980lYxjsTrCyHFN53ky3wVsDkiMdVqylqRt+Zc+jm5qw7/qyOvN2dHSYtX0e4MbCCExSvnA==
  dependencies:
    mdn-data "2.0.6"
    source-map "^0.6.1"

csstype@^2.5.5:
  version "2.6.13"
  resolved "https://registry.yarnpkg.com/csstype/-/csstype-2.6.13.tgz#a6893015b90e84dd6e85d0e3b442a1e84f2dbe0f"
  integrity sha512-ul26pfSQTZW8dcOnD2iiJssfXw0gdNVX9IJDH/X3K5DGPfj+fUYe3kB+swUY6BF3oZDxaID3AJt+9/ojSAE05A==

csstype@^3.0.2:
  version "3.0.3"
  resolved "https://registry.yarnpkg.com/csstype/-/csstype-3.0.3.tgz#2b410bbeba38ba9633353aff34b05d9755d065f8"
  integrity sha512-jPl+wbWPOWJ7SXsWyqGRk3lGecbar0Cb0OvZF/r/ZU011R4YqiRehgkQ9p4eQfo9DSDLqLL3wHwfxeJiuIsNag==

dom-helpers@^3.4.0:
  version "3.4.0"
  resolved "https://registry.yarnpkg.com/dom-helpers/-/dom-helpers-3.4.0.tgz#e9b369700f959f62ecde5a6babde4bccd9169af8"
  integrity sha512-LnuPJ+dwqKDIyotW1VzmOZ5TONUN7CwkCR5hrgawTUbkBGYdeoNLZo6nNfGkCrjtE1nXXaj7iMMpDa8/d9WoIA==
  dependencies:
    "@babel/runtime" "^7.1.2"

dom-helpers@^5.0.1, dom-helpers@^5.1.0, dom-helpers@^5.1.2:
  version "5.2.0"
  resolved "https://registry.yarnpkg.com/dom-helpers/-/dom-helpers-5.2.0.tgz#57fd054c5f8f34c52a3eeffdb7e7e93cd357d95b"
  integrity sha512-Ru5o9+V8CpunKnz5LGgWXkmrH/20cGKwcHwS4m73zIvs54CN9epEmT/HLqFJW3kXpakAFkEdzgy1hzlJe3E4OQ==
  dependencies:
    "@babel/runtime" "^7.8.7"
    csstype "^3.0.2"

dom7@^3.0.0-alpha.7:
  version "3.0.0-alpha.9"
  resolved "https://registry.yarnpkg.com/dom7/-/dom7-3.0.0-alpha.9.tgz#0110c21181b8bad3a1ee72443e04d3c2e3f1d38f"
  integrity sha512-wTxPe1vJqLAy2PzAROh/n1PsRF/ZklAJyRIn9shm2dAQjP4JhjsgDKQ1YTbuzf1KVlqOlqYPmwupQExcB9jOUg==
  dependencies:
    ssr-window "^3.0.0-alpha.1"

emojis-list@^3.0.0:
  version "3.0.0"
  resolved "https://registry.yarnpkg.com/emojis-list/-/emojis-list-3.0.0.tgz#5570662046ad29e2e916e71aae260abdff4f6a78"
  integrity sha512-/kyM18EfinwXZbno9FyUGeFh87KC8HRQBQGildHZbEuRyWFOmv1U10o9BBp8XVZDVNNuQKyIGIu5ZYAAXJ0V2Q==

error-stack-parser@^2.0.6:
  version "2.0.6"
  resolved "https://registry.yarnpkg.com/error-stack-parser/-/error-stack-parser-2.0.6.tgz#5a99a707bd7a4c58a797902d48d82803ede6aad8"
  integrity sha512-d51brTeqC+BHlwF0BhPtcYgF5nlzf9ZZ0ZIUQNZpc9ZB9qw5IJ2diTrBY9jlCJkTLITYPjmiX6OWCwH+fuyNgQ==
  dependencies:
    stackframe "^1.1.1"

ev-emitter@^1.0.0:
  version "1.1.1"
  resolved "https://registry.yarnpkg.com/ev-emitter/-/ev-emitter-1.1.1.tgz#8f18b0ce5c76a5d18017f71c0a795c65b9138f2a"
  integrity sha512-ipiDYhdQSCZ4hSbX4rMW+XzNKMD1prg/sTvoVmSLkuQ1MVlwjJQQA+sW8tMYR3BLUr9KjodFV4pvzunvRhd33Q==

fast-deep-equal@^3.1.1, fast-deep-equal@^3.1.3:
  version "3.1.3"
  resolved "https://registry.yarnpkg.com/fast-deep-equal/-/fast-deep-equal-3.1.3.tgz#3a7d56b559d6cbc3eb512325244e619a65c6c525"
  integrity sha512-f3qQ9oQy9j2AhBe/H9VC91wLmKBCCU/gDOnKNAYG5hswO7BLKj09Hc5HYNz9cGI++xlpDCIgDaitVs03ATR84Q==

fast-json-stable-stringify@^2.0.0:
  version "2.1.0"
  resolved "https://registry.yarnpkg.com/fast-json-stable-stringify/-/fast-json-stable-stringify-2.1.0.tgz#874bf69c6f404c2b5d99c481341399fd55892633"
  integrity sha512-lhd/wF+Lk98HZoTCtlVraHtfh5XYijIjalXck7saUtuanSDyLMxnHhSXEDJqHxD7msR8D0uCmqlkwjCV8xvwHw==

fast-shallow-equal@^1.0.0:
  version "1.0.0"
  resolved "https://registry.yarnpkg.com/fast-shallow-equal/-/fast-shallow-equal-1.0.0.tgz#d4dcaf6472440dcefa6f88b98e3251e27f25628b"
  integrity sha512-HPtaa38cPgWvaCFmRNhlc6NG7pv6NUHqjPgVAkWGoB9mQMwYB27/K0CvOM5Czy+qpT3e8XJ6Q4aPAnzpNpzNaw==

fastest-stable-stringify@^1.0.1:
  version "1.0.1"
  resolved "https://registry.yarnpkg.com/fastest-stable-stringify/-/fastest-stable-stringify-1.0.1.tgz#9122d406d4c9d98bea644a6b6853d5874b87b028"
  integrity sha1-kSLUBtTJ2YvqZEpraFPVh0uHsCg=

file-loader@^6.0.0:
  version "6.1.0"
  resolved "https://registry.yarnpkg.com/file-loader/-/file-loader-6.1.0.tgz#65b9fcfb0ea7f65a234a1f10cdd7f1ab9a33f253"
  integrity sha512-26qPdHyTsArQ6gU4P1HJbAbnFTyT2r0pG7czh1GFAd9TZbj0n94wWbupgixZH/ET/meqi2/5+F7DhW4OAXD+Lg==
  dependencies:
    loader-utils "^2.0.0"
    schema-utils "^2.7.1"

framer-motion@^2.3.0:
  version "2.6.13"
  resolved "https://registry.yarnpkg.com/framer-motion/-/framer-motion-2.6.13.tgz#cc26faf53bffb2d9a558bc71a3adaf3c437c0e55"
  integrity sha512-ScEdiDyAT+kH51axqxFcHA9RLnJ8TpMQBf8HwcXBOt6wDVptHdewEnE3T7semz+7OY0sj0RCsUDhQaWo78aMqQ==
  dependencies:
    framesync "^4.1.0"
    hey-listen "^1.0.8"
    popmotion "9.0.0-rc.14"
    style-value-types "^3.1.9"
    tslib "^1.10.0"
  optionalDependencies:
    "@emotion/is-prop-valid" "^0.8.2"

framesync@^4.1.0:
  version "4.1.0"
  resolved "https://registry.yarnpkg.com/framesync/-/framesync-4.1.0.tgz#69a8db3ca432dc70d6a76ba882684a1497ef068a"
  integrity sha512-MmgZ4wCoeVxNbx2xp5hN/zPDCbLSKiDt4BbbslK7j/pM2lg5S0vhTNv1v8BCVb99JPIo6hXBFdwzU7Q4qcAaoQ==
  dependencies:
    hey-listen "^1.0.5"

hey-listen@^1.0.5, hey-listen@^1.0.8:
  version "1.0.8"
  resolved "https://registry.yarnpkg.com/hey-listen/-/hey-listen-1.0.8.tgz#8e59561ff724908de1aa924ed6ecc84a56a9aa68"
  integrity sha512-COpmrF2NOg4TBWUJ5UVyaCU2A88wEMkUPK4hNqyCkqHbxT92BbvfjoSozkAIIm6XhicGlJHhFdullInrdhwU8Q==

hyphenate-style-name@^1.0.2:
  version "1.0.4"
  resolved "https://registry.yarnpkg.com/hyphenate-style-name/-/hyphenate-style-name-1.0.4.tgz#691879af8e220aea5750e8827db4ef62a54e361d"
  integrity sha512-ygGZLjmXfPHj+ZWh6LwbC37l43MhfztxetbFCoYTM2VjkIUpeHgSNn7QIyVFj7YQ1Wl9Cbw5sholVJPzWvC2MQ==

imagesloaded@^4.1.4:
  version "4.1.4"
  resolved "https://registry.yarnpkg.com/imagesloaded/-/imagesloaded-4.1.4.tgz#1376efcd162bb768c34c3727ac89cc04051f3cc7"
  integrity sha512-ltiBVcYpc/TYTF5nolkMNsnREHW+ICvfQ3Yla2Sgr71YFwQ86bDwV9hgpFhFtrGPuwEx5+LqOHIrdXBdoWwwsA==
  dependencies:
    ev-emitter "^1.0.0"

inline-style-prefixer@^4.0.0:
  version "4.0.2"
  resolved "https://registry.yarnpkg.com/inline-style-prefixer/-/inline-style-prefixer-4.0.2.tgz#d390957d26f281255fe101da863158ac6eb60911"
  integrity sha512-N8nVhwfYga9MiV9jWlwfdj1UDIaZlBFu4cJSJkIr7tZX7sHpHhGR5su1qdpW+7KPL8ISTvCIkcaFi/JdBknvPg==
  dependencies:
    bowser "^1.7.3"
    css-in-js-utils "^2.0.0"

invariant@^2.2.4:
  version "2.2.4"
  resolved "https://registry.yarnpkg.com/invariant/-/invariant-2.2.4.tgz#610f3c92c9359ce1db616e538008d23ff35158e6"
  integrity sha512-phJfQVBuaJM5raOpJjSfkiD6BpbCE4Ns//LaXl6wGYtUBY83nWS6Rf9tXm2e8VaK60JEjYldbPif/A2B1C2gNA==
  dependencies:
    loose-envify "^1.0.0"

isobject@^3.0.1:
  version "3.0.1"
  resolved "https://registry.yarnpkg.com/isobject/-/isobject-3.0.1.tgz#4e431e92b11a9731636aa1f9c8d1ccbcfdab78df"
  integrity sha1-TkMekrEalzFjaqH5yNHMvP2reN8=

js-cookie@^2.2.1:
  version "2.2.1"
  resolved "https://registry.yarnpkg.com/js-cookie/-/js-cookie-2.2.1.tgz#69e106dc5d5806894562902aa5baec3744e9b2b8"
  integrity sha512-HvdH2LzI/EAZcUwA8+0nKNtWHqS+ZmijLA30RwZA0bo7ToCckjK5MkGhjED9KoRcXO6BaGI3I9UIzSA1FKFPOQ==

"js-tokens@^3.0.0 || ^4.0.0":
  version "4.0.0"
  resolved "https://registry.yarnpkg.com/js-tokens/-/js-tokens-4.0.0.tgz#19203fb59991df98e3a287050d4647cdeaf32499"
  integrity sha512-RdJUflcE3cUzKiMqQgsCu06FPu9UdIJO0beYbPhHN4k6apgJtifcoCtT9bcxOpYBtpD2kCM6Sbzg4CausW/PKQ==

json-schema-traverse@^0.4.1:
  version "0.4.1"
  resolved "https://registry.yarnpkg.com/json-schema-traverse/-/json-schema-traverse-0.4.1.tgz#69f6a87d9513ab8bb8fe63bdb0979c448e684660"
  integrity sha512-xbbCH5dCYU5T8LcEhhuh7HJ88HXuW3qsI3Y0zOZFKfZEHcpWiHU/Jxzk629Brsab/mMiHQti9wMP+845RPe3Vg==

json5@^2.1.2:
  version "2.1.3"
  resolved "https://registry.yarnpkg.com/json5/-/json5-2.1.3.tgz#c9b0f7fa9233bfe5807fe66fcf3a5617ed597d43"
  integrity sha512-KXPvOm8K9IJKFM0bmdn8QXh7udDh1g/giieX0NLCaMnb4hEiVFqnop2ImTXCc5e0/oHz3LTqmHGtExn5hfMkOA==
  dependencies:
    minimist "^1.2.5"

loader-utils@^2.0.0:
  version "2.0.0"
  resolved "https://registry.yarnpkg.com/loader-utils/-/loader-utils-2.0.0.tgz#e4cace5b816d425a166b5f097e10cd12b36064b0"
  integrity sha512-rP4F0h2RaWSvPEkD7BLDFQnvSf+nK+wr3ESUjNTyAGobqrijmW92zc+SO6d4p4B1wh7+B/Jg1mkQe5NYUEHtHQ==
  dependencies:
    big.js "^5.2.2"
    emojis-list "^3.0.0"
    json5 "^2.1.2"

lodash-es@^4.17.15:
  version "4.17.15"
  resolved "https://registry.yarnpkg.com/lodash-es/-/lodash-es-4.17.15.tgz#21bd96839354412f23d7a10340e5eac6ee455d78"
  integrity sha512-rlrc3yU3+JNOpZ9zj5pQtxnx2THmvRykwL4Xlxoa8I9lHBlVbbyPhgyPMioxVZ4NqyxaVVtaJnzsyOidQIhyyQ==

lodash.throttle@^4.1.1:
  version "4.1.1"
  resolved "https://registry.yarnpkg.com/lodash.throttle/-/lodash.throttle-4.1.1.tgz#c23e91b710242ac70c37f1e1cda9274cc39bf2f4"
  integrity sha1-wj6RtxAkKscMN/HhzaknTMOb8vQ=

lodash@^4.17.15, lodash@^4.17.19:
  version "4.17.20"
  resolved "https://registry.yarnpkg.com/lodash/-/lodash-4.17.20.tgz#b44a9b6297bcb698f1c51a3545a2b3b368d59c52"
  integrity sha512-PlhdFcillOINfeV7Ni6oF1TAEayyZBoZ8bcshTHqOYJYlrqzRK5hagpagky5o4HfCzzd1TRkXPMFq6cKk9rGmA==

loose-envify@^1.0.0, loose-envify@^1.1.0, loose-envify@^1.4.0:
  version "1.4.0"
  resolved "https://registry.yarnpkg.com/loose-envify/-/loose-envify-1.4.0.tgz#71ee51fa7be4caec1a63839f7e682d8132d30caf"
  integrity sha512-lyuxPGr/Wfhrlem2CL/UcnUc1zcqKAImBDzukY7Y5F/yQiNdko6+fRLevlw1HgMySw7f611UIY408EtxRSoK3Q==
  dependencies:
    js-tokens "^3.0.0 || ^4.0.0"

mdn-data@2.0.6:
  version "2.0.6"
  resolved "https://registry.yarnpkg.com/mdn-data/-/mdn-data-2.0.6.tgz#852dc60fcaa5daa2e8cf6c9189c440ed3e042978"
  integrity sha512-rQvjv71olwNHgiTbfPZFkJtjNMciWgswYeciZhtvWLO8bmX3TnhyA62I6sTWOyZssWHJJjY6/KiWwqQsWWsqOA==

mime-db@1.44.0:
  version "1.44.0"
  resolved "https://registry.yarnpkg.com/mime-db/-/mime-db-1.44.0.tgz#fa11c5eb0aca1334b4233cb4d52f10c5a6272f92"
  integrity sha512-/NOTfLrsPBVeH7YtFPgsVWveuL+4SjjYxaQ1xtM1KMFj7HdxlBlxeyNLzhyJVx7r4rZGJAZ/6lkKCitSc/Nmpg==

mime-types@^2.1.26:
  version "2.1.27"
  resolved "https://registry.yarnpkg.com/mime-types/-/mime-types-2.1.27.tgz#47949f98e279ea53119f5722e0f34e529bec009f"
  integrity sha512-JIhqnCasI9yD+SsmkquHBxTSEuZdQX5BuQnS2Vc7puQQQ+8yiP5AY5uWhpdv4YL4VM5c6iliiYWPgJ/nJQLp7w==
  dependencies:
    mime-db "1.44.0"

minimist@^1.2.5:
  version "1.2.5"
  resolved "https://registry.yarnpkg.com/minimist/-/minimist-1.2.5.tgz#67d66014b66a6a8aaa0c083c5fd58df4e4e97602"
  integrity sha512-FM9nNUYrRBAELZQT3xeZQ7fmMOBg6nWNmJKTcgsJeaLstP/UODVpGsr5OhXhhXg6f+qtJ8uiZ+PUxkDWcgIXLw==

nano-css@^5.2.1:
  version "5.3.0"
  resolved "https://registry.yarnpkg.com/nano-css/-/nano-css-5.3.0.tgz#9d3cd29788d48b6a07f52aa4aec7cf4da427b6b5"
  integrity sha512-uM/9NGK9/E9/sTpbIZ/bQ9xOLOIHZwrrb/CRlbDHBU/GFS7Gshl24v/WJhwsVViWkpOXUmiZ66XO7fSB4Wd92Q==
  dependencies:
    css-tree "^1.0.0-alpha.28"
    csstype "^2.5.5"
    fastest-stable-stringify "^1.0.1"
    inline-style-prefixer "^4.0.0"
    rtl-css-js "^1.9.0"
    sourcemap-codec "^1.4.1"
    stacktrace-js "^2.0.0"
    stylis "3.5.0"

nanoid@^3.3.4:
  version "3.3.4"
  resolved "https://registry.yarnpkg.com/nanoid/-/nanoid-3.3.4.tgz#730b67e3cd09e2deacf03c027c81c9d9dbc5e8ab"
  integrity sha512-MqBkQh/OHTS2egovRtLk45wEyNXwF+cokD+1YPf9u5VfJiRdAiRwB2froX5Co9Rh20xs4siNPm8naNotSD6RBw==

next-images@^1.4.0:
  version "1.4.1"
  resolved "https://registry.yarnpkg.com/next-images/-/next-images-1.4.1.tgz#946f34728609dc24517234d85b2f6b6f9a3344d1"
  integrity sha512-Xkxxf+Hw/Pet2VVbw72jc7PAcOGisTTXa/L3a6XPRqSlhOJSXyGxE3U8hJn5wwfrzkXT31nxrfnfQKfbgjCPEg==
  dependencies:
    file-loader "^6.0.0"
    url-loader "^4.0.0"

next@^13.2.4:
  version "13.2.4"
  resolved "https://registry.yarnpkg.com/next/-/next-13.2.4.tgz#2363330392b0f7da02ab41301f60857ffa7f67d6"
  integrity sha512-g1I30317cThkEpvzfXujf0O4wtaQHtDCLhlivwlTJ885Ld+eOgcz7r3TGQzeU+cSRoNHtD8tsJgzxVdYojFssw==
  dependencies:
    "@next/env" "13.2.4"
    "@swc/helpers" "0.4.14"
    caniuse-lite "^1.0.30001406"
    postcss "8.4.14"
    styled-jsx "5.1.1"
  optionalDependencies:
    "@next/swc-android-arm-eabi" "13.2.4"
    "@next/swc-android-arm64" "13.2.4"
    "@next/swc-darwin-arm64" "13.2.4"
    "@next/swc-darwin-x64" "13.2.4"
    "@next/swc-freebsd-x64" "13.2.4"
    "@next/swc-linux-arm-gnueabihf" "13.2.4"
    "@next/swc-linux-arm64-gnu" "13.2.4"
    "@next/swc-linux-arm64-musl" "13.2.4"
    "@next/swc-linux-x64-gnu" "13.2.4"
    "@next/swc-linux-x64-musl" "13.2.4"
    "@next/swc-win32-arm64-msvc" "13.2.4"
    "@next/swc-win32-ia32-msvc" "13.2.4"
    "@next/swc-win32-x64-msvc" "13.2.4"

ngraph.events@^1.2.1:
  version "1.2.1"
  resolved "https://registry.yarnpkg.com/ngraph.events/-/ngraph.events-1.2.1.tgz#6e40425ef9dec1e074bbef6da56c8d79b9188fd8"
  integrity sha512-D4C+nXH/RFxioGXQdHu8ELDtC6EaCiNsZtih0IvyGN81OZSUby4jXoJ5+RNWasfsd0FnKxxpAROyUMzw64QNsw==

object-assign@^4.1.1:
  version "4.1.1"
  resolved "https://registry.yarnpkg.com/object-assign/-/object-assign-4.1.1.tgz#2109adc7965887cfc05cbbd442cac8bfbb360863"
  integrity sha1-IQmtx5ZYh8/AXLvUQsrIv7s2CGM=

panzoom@^9.2.4:
  version "9.2.5"
  resolved "https://registry.yarnpkg.com/panzoom/-/panzoom-9.2.5.tgz#31740c602dc2c8ccde09f0285bcac97440228765"
  integrity sha512-LHWiSE2xIaCyg5yXjSpl91uHQIv+IKPIqCpCKnMEOmb/7G3iUlLwlH3a/1Hyq7HPr348kmvJHeDsv9SlUFrl1w==
  dependencies:
    amator "^1.1.0"
    ngraph.events "^1.2.1"
    wheel "^1.0.0"

picocolors@^1.0.0:
  version "1.0.0"
  resolved "https://registry.yarnpkg.com/picocolors/-/picocolors-1.0.0.tgz#cb5bdc74ff3f51892236eaf79d68bc44564ab81c"
  integrity sha512-1fygroTLlHu66zi26VoTDv8yRgm0Fccecssto+MhsZ0D/DGW2sm8E8AjW7NU5VVTRt5GxbeZ5qBuJr+HyLYkjQ==

popmotion@9.0.0-rc.14:
  version "9.0.0-rc.14"
  resolved "https://registry.yarnpkg.com/popmotion/-/popmotion-9.0.0-rc.14.tgz#e57351b7b85a3e42b7a16affbbd440138797c11f"
  integrity sha512-zdMw1OSKjFBH+KKpZx7P+cGSUb3QCqg5QD12f6llucUeEFT+SDZYxvTY09JI23ZcJyzxgKFT1anbLq0eZ9bj3g==
  dependencies:
    framesync "^4.1.0"
    hey-listen "^1.0.8"
    style-value-types "^3.1.9"
    tslib "^1.10.0"

postcss@8.4.14:
  version "8.4.14"
  resolved "https://registry.yarnpkg.com/postcss/-/postcss-8.4.14.tgz#ee9274d5622b4858c1007a74d76e42e56fd21caf"
  integrity sha512-E398TUmfAYFPBSdzgeieK2Y1+1cpdxJx8yXbK/m57nRhKSmk1GB2tO4lbLBtlkfPQTDKfe4Xqv1ASWPpayPEig==
  dependencies:
    nanoid "^3.3.4"
    picocolors "^1.0.0"
    source-map-js "^1.0.2"

prop-types-extra@^1.1.0:
  version "1.1.1"
  resolved "https://registry.yarnpkg.com/prop-types-extra/-/prop-types-extra-1.1.1.tgz#58c3b74cbfbb95d304625975aa2f0848329a010b"
  integrity sha512-59+AHNnHYCdiC+vMwY52WmvP5dM3QLeoumYuEyceQDi9aEhtwN9zIQ2ZNo25sMyXnbh32h+P1ezDsUpUH3JAew==
  dependencies:
    react-is "^16.3.2"
    warning "^4.0.0"

prop-types@^15.6.2, prop-types@^15.7.2:
  version "15.7.2"
  resolved "https://registry.yarnpkg.com/prop-types/-/prop-types-15.7.2.tgz#52c41e75b8c87e72b9d9360e0206b99dcbffa6c5"
  integrity sha512-8QQikdH7//R2vurIJSutZ1smHYTcLpRWEOlHnzcWHmBYrOGUysKwSsrC89BCiFj3CbrfJ/nXFdJepOVrY1GCHQ==
  dependencies:
    loose-envify "^1.4.0"
    object-assign "^4.1.1"
    react-is "^16.8.1"

punycode@^2.1.0:
  version "2.1.1"
  resolved "https://registry.yarnpkg.com/punycode/-/punycode-2.1.1.tgz#b58b010ac40c22c5657616c8d2c2c02c7bf479ec"
  integrity sha512-XRsRjdf+j5ml+y/6GKHPZbrF/8p2Yga0JPtdqTIY2Xe5ohJPD9saDJJLPvp9+NSBprVvevdXZybnj2cv8OEd0A==

react-bootstrap@^1.0.1:
  version "1.3.0"
  resolved "https://registry.yarnpkg.com/react-bootstrap/-/react-bootstrap-1.3.0.tgz#d9dde4ad554e9cd21d1465e8b5e5ef6679cae6a1"
  integrity sha512-GYj0c6FO9mx7DaO8Xyz2zs0IcQ6CGCtM3O6/feIoCaG4N8B0+l4eqL7stlMcLpqO4d8NG2PoMO/AbUOD+MO7mg==
  dependencies:
    "@babel/runtime" "^7.4.2"
    "@restart/context" "^2.1.4"
    "@restart/hooks" "^0.3.21"
    "@types/classnames" "^2.2.10"
    "@types/invariant" "^2.2.33"
    "@types/prop-types" "^15.7.3"
    "@types/react" "^16.9.35"
    "@types/react-transition-group" "^4.4.0"
    "@types/warning" "^3.0.0"
    classnames "^2.2.6"
    dom-helpers "^5.1.2"
    invariant "^2.2.4"
    prop-types "^15.7.2"
    prop-types-extra "^1.1.0"
    react-overlays "^4.1.0"
    react-transition-group "^4.4.1"
    uncontrollable "^7.0.0"
    warning "^4.0.3"

react-countup@^4.3.3:
  version "4.3.3"
  resolved "https://registry.yarnpkg.com/react-countup/-/react-countup-4.3.3.tgz#143a8d854d47290b73d6915eac20a12d839153c2"
  integrity sha512-pWnxpwdPNRyJFha/YKKbyc4RLAw8PzmULdgCziGIgw6vxhT1VdccrvQgj38HBSoM2qF/MoLmn4M2klvDWVIdaw==
  dependencies:
    countup.js "^1.9.3"
    prop-types "^15.7.2"
    warning "^4.0.3"

react-dom@^18.2.0:
  version "18.2.0"
  resolved "https://registry.yarnpkg.com/react-dom/-/react-dom-18.2.0.tgz#22aaf38708db2674ed9ada224ca4aa708d821e3d"
  integrity sha512-6IMTriUmvsjHUjNtEDudZfuDQUoWXVxKHhlEGSk81n4YFS+r/Kl99wXiwlVXtPBtJenozv2P+hxDsw9eA7Xo6g==
  dependencies:
    loose-envify "^1.1.0"
    scheduler "^0.23.0"

react-icons@^4.8.0:
  version "4.8.0"
  resolved "https://registry.yarnpkg.com/react-icons/-/react-icons-4.8.0.tgz#621e900caa23b912f737e41be57f27f6b2bff445"
  integrity sha512-N6+kOLcihDiAnj5Czu637waJqSnwlMNROzVZMhfX68V/9bu9qHaMIJC4UdozWoOk57gahFCNHwVvWzm0MTzRjg==

react-is@^16.3.2, react-is@^16.8.1:
  version "16.13.1"
  resolved "https://registry.yarnpkg.com/react-is/-/react-is-16.13.1.tgz#789729a4dc36de2999dc156dd6c1d9c18cea56a4"
  integrity sha512-24e6ynE2H+OKt4kqsOvNd8kBpV65zoxbA4BVsEOB3ARVWQki/DHzaUoC5KuON/BiccDaCCTZBuOcfZs70kR8bQ==

react-lifecycles-compat@^3.0.4:
  version "3.0.4"
  resolved "https://registry.yarnpkg.com/react-lifecycles-compat/-/react-lifecycles-compat-3.0.4.tgz#4f1a273afdfc8f3488a8c516bfda78f872352362"
  integrity sha512-fBASbA6LnOU9dOU2eW7aQ8xmYBSXUIWr+UmF9b1efZBazGNO+rcXT/icdKnYm2pTwcRylVUYwW7H1PHfLekVzA==

react-modal-video@^1.2.3:
  version "1.2.5"
  resolved "https://registry.yarnpkg.com/react-modal-video/-/react-modal-video-1.2.5.tgz#5f00d732e0808050715dd0e33a8b618375f6ed14"
  integrity sha512-wUqbQd4lWBe/g+eANgMY8070BrUZJU/VfHjMYoBJGJRp1g3fPfsr5d7gbeiCKvtn171jJyr8tRlKcBQ3GHdglA==
  dependencies:
    react-transition-group "^2.2.1"

react-overlays@^4.1.0:
  version "4.1.0"
  resolved "https://registry.yarnpkg.com/react-overlays/-/react-overlays-4.1.0.tgz#755a890519b02e3904845172d5223ff2dfb1bb29"
  integrity sha512-vdRpnKe0ckWOOD9uWdqykLUPHLPndIiUV7XfEKsi5008xiyHCfL8bxsx4LbMrfnxW1LzRthLyfy50XYRFNQqqw==
  dependencies:
    "@babel/runtime" "^7.4.5"
    "@popperjs/core" "^2.0.0"
    "@restart/hooks" "^0.3.12"
    "@types/warning" "^3.0.0"
    dom-helpers "^5.1.0"
    prop-types "^15.7.2"
    uncontrollable "^7.0.0"
    warning "^4.0.3"

react-scroll@^1.8.0:
  version "1.8.1"
  resolved "https://registry.yarnpkg.com/react-scroll/-/react-scroll-1.8.1.tgz#eb4052265f1606cf60855c981ebcfed1bc3beff3"
  integrity sha512-UAKmawFHn+c7x/DoXuHqOsQ5xwNk2Dxv7vP8Ft41K2hglPWkshcSos0tMTr8704UkFqImoUGzMTdN4vuZXoqbw==
  dependencies:
    lodash.throttle "^4.1.1"
    prop-types "^15.7.2"

react-swipeable@^5.5.1:
  version "5.5.1"
  resolved "https://registry.yarnpkg.com/react-swipeable/-/react-swipeable-5.5.1.tgz#48ae6182deaf62f21d4b87469b60281dbd7c4a76"
  integrity sha512-EQObuU3Qg3JdX3WxOn5reZvOSCpU4fwpUAs+NlXSN3y+qtsO2r8VGkVnOQzmByt3BSYj9EWYdUOUfi7vaMdZZw==
  dependencies:
    prop-types "^15.6.2"

react-transition-group@^2.2.1:
  version "2.9.0"
  resolved "https://registry.yarnpkg.com/react-transition-group/-/react-transition-group-2.9.0.tgz#df9cdb025796211151a436c69a8f3b97b5b07c8d"
  integrity sha512-+HzNTCHpeQyl4MJ/bdE0u6XRMe9+XG/+aL4mCxVN4DnPBQ0/5bfHWPDuOZUzYdMj94daZaZdCCc1Dzt9R/xSSg==
  dependencies:
    dom-helpers "^3.4.0"
    loose-envify "^1.4.0"
    prop-types "^15.6.2"
    react-lifecycles-compat "^3.0.4"

react-transition-group@^4.4.1:
  version "4.4.1"
  resolved "https://registry.yarnpkg.com/react-transition-group/-/react-transition-group-4.4.1.tgz#63868f9325a38ea5ee9535d828327f85773345c9"
  integrity sha512-Djqr7OQ2aPUiYurhPalTrVy9ddmFCCzwhqQmtN+J3+3DzLO209Fdr70QrN8Z3DsglWql6iY1lDWAfpFiBtuKGw==
  dependencies:
    "@babel/runtime" "^7.5.5"
    dom-helpers "^5.0.1"
    loose-envify "^1.4.0"
    prop-types "^15.6.2"

react-universal-interface@^0.6.2:
  version "0.6.2"
  resolved "https://registry.yarnpkg.com/react-universal-interface/-/react-universal-interface-0.6.2.tgz#5e8d438a01729a4dbbcbeeceb0b86be146fe2b3b"
  integrity sha512-dg8yXdcQmvgR13RIlZbTRQOoUrDciFVoSBZILwjE2LFISxZZ8loVJKAkuzswl5js8BHda79bIb2b84ehU8IjXw==

react-use@^15.1.0:
  version "15.3.4"
  resolved "https://registry.yarnpkg.com/react-use/-/react-use-15.3.4.tgz#f853d310bd71f75b38900a8caa3db93f6dc6e872"
  integrity sha512-cHq1dELW6122oi1+xX7lwNyE/ugZs5L902BuO8eFJCfn2api1KeuPVG1M/GJouVARoUf54S2dYFMKo5nQXdTag==
  dependencies:
    "@types/js-cookie" "2.2.6"
    "@xobotyi/scrollbar-width" "1.9.5"
    copy-to-clipboard "^3.2.0"
    fast-deep-equal "^3.1.3"
    fast-shallow-equal "^1.0.0"
    js-cookie "^2.2.1"
    nano-css "^5.2.1"
    react-universal-interface "^0.6.2"
    resize-observer-polyfill "^1.5.1"
    screenfull "^5.0.0"
    set-harmonic-interval "^1.0.1"
    throttle-debounce "^2.1.0"
    ts-easing "^0.2.0"
    tslib "^2.0.0"

react-visibility-sensor@^5.1.1:
  version "5.1.1"
  resolved "https://registry.yarnpkg.com/react-visibility-sensor/-/react-visibility-sensor-5.1.1.tgz#5238380960d3a0b2be0b7faddff38541e337f5a9"
  integrity sha512-cTUHqIK+zDYpeK19rzW6zF9YfT4486TIgizZW53wEZ+/GPBbK7cNS0EHyJVyHYacwFEvvHLEKfgJndbemWhB/w==
  dependencies:
    prop-types "^15.7.2"

react@^18.2.0:
  version "18.2.0"
  resolved "https://registry.yarnpkg.com/react/-/react-18.2.0.tgz#555bd98592883255fa00de14f1151a917b5d77d5"
  integrity sha512-/3IjMdb2L9QbBdWiW5e3P2/npwMBaU9mHCSCUzNln0ZCYbcfTsGbTJrU/kGemdH2IWmB2ioZ+zkxtmq6g09fGQ==
  dependencies:
    loose-envify "^1.1.0"

regenerator-runtime@^0.13.4:
  version "0.13.7"
  resolved "https://registry.yarnpkg.com/regenerator-runtime/-/regenerator-runtime-0.13.7.tgz#cac2dacc8a1ea675feaabaeb8ae833898ae46f55"
  integrity sha512-a54FxoJDIr27pgf7IgeQGxmqUNYrcV338lf/6gH456HZ/PhX+5BcwHXG9ajESmwe6WRO0tAzRUrRmNONWgkrew==

resize-observer-polyfill@^1.5.1:
  version "1.5.1"
  resolved "https://registry.yarnpkg.com/resize-observer-polyfill/-/resize-observer-polyfill-1.5.1.tgz#0e9020dd3d21024458d4ebd27e23e40269810464"
  integrity sha512-LwZrotdHOo12nQuZlHEmtuXdqGoOD0OhaxopaNFxWzInpEgaLWoVuAMbTzixuosCx2nEG58ngzW3vxdWoxIgdg==

rtl-css-js@^1.9.0:
  version "1.14.0"
  resolved "https://registry.yarnpkg.com/rtl-css-js/-/rtl-css-js-1.14.0.tgz#daa4f192a92509e292a0519f4b255e6e3c076b7d"
  integrity sha512-Dl5xDTeN3e7scU1cWX8c9b6/Nqz3u/HgR4gePc1kWXYiQWVQbKCEyK6+Hxve9LbcJ5EieHy1J9nJCN3grTtGwg==
  dependencies:
    "@babel/runtime" "^7.1.2"

scheduler@^0.23.0:
  version "0.23.0"
  resolved "https://registry.yarnpkg.com/scheduler/-/scheduler-0.23.0.tgz#ba8041afc3d30eb206a487b6b384002e4e61fdfe"
  integrity sha512-CtuThmgHNg7zIZWAXi3AsyIzA3n4xx7aNyjwC2VJldO2LMVDhFK+63xGqq6CsJH4rTAt6/M+N4GhZiDYPx9eUw==
  dependencies:
    loose-envify "^1.1.0"

schema-utils@^2.6.5, schema-utils@^2.7.1:
  version "2.7.1"
  resolved "https://registry.yarnpkg.com/schema-utils/-/schema-utils-2.7.1.tgz#1ca4f32d1b24c590c203b8e7a50bf0ea4cd394d7"
  integrity sha512-SHiNtMOUGWBQJwzISiVYKu82GiV4QYGePp3odlY1tuKO7gPtphAT5R/py0fA6xtbgLL/RvtJZnU9b8s0F1q0Xg==
  dependencies:
    "@types/json-schema" "^7.0.5"
    ajv "^6.12.4"
    ajv-keywords "^3.5.2"

screenfull@^5.0.0:
  version "5.0.2"
  resolved "https://registry.yarnpkg.com/screenfull/-/screenfull-5.0.2.tgz#b9acdcf1ec676a948674df5cd0ff66b902b0bed7"
  integrity sha512-cCF2b+L/mnEiORLN5xSAz6H3t18i2oHh9BA8+CQlAh5DRw2+NFAGQJOSYbcGw8B2k04g/lVvFcfZ83b3ysH5UQ==

set-harmonic-interval@^1.0.1:
  version "1.0.1"
  resolved "https://registry.yarnpkg.com/set-harmonic-interval/-/set-harmonic-interval-1.0.1.tgz#e1773705539cdfb80ce1c3d99e7f298bb3995249"
  integrity sha512-AhICkFV84tBP1aWqPwLZqFvAwqEoVA9kxNMniGEUvzOlm4vLmOFLiTT3UZ6bziJTy4bOVpzWGTfSCbmaayGx8g==

simple-react-lightbox@^3.3.4-1:
  version "3.3.4-1"
  resolved "https://registry.yarnpkg.com/simple-react-lightbox/-/simple-react-lightbox-3.3.4-1.tgz#fc43a307335750f4339682cf20fbd53f27a9a484"
  integrity sha512-TJoK//SLuY6ZPP+qq7BRGhVQHn32XpmH+RS29NsH97G41CakFVxFeE8S5Jl7xVXOxWIJtnYYojWZydsWGxQM3A==
  dependencies:
    fast-deep-equal "^3.1.1"
    framer-motion "^2.3.0"
    imagesloaded "^4.1.4"
    lodash "^4.17.19"
    panzoom "^9.2.4"
    react-swipeable "^5.5.1"
    react-use "^15.1.0"
    subscribe-event "^1.1.1"
    use-debounce "^3.4.2"

source-map-js@^1.0.2:
  version "1.0.2"
  resolved "https://registry.yarnpkg.com/source-map-js/-/source-map-js-1.0.2.tgz#adbc361d9c62df380125e7f161f71c826f1e490c"
  integrity sha512-R0XvVJ9WusLiqTCEiGCmICCMplcCkIwwR11mOSD9CR5u+IXYdiseeEuXCVAjS54zqwkLcPNnmU4OeJ6tUrWhDw==

source-map@0.5.6:
  version "0.5.6"
  resolved "https://registry.yarnpkg.com/source-map/-/source-map-0.5.6.tgz#75ce38f52bf0733c5a7f0c118d81334a2bb5f412"
  integrity sha1-dc449SvwczxafwwRjYEzSiu19BI=

source-map@^0.6.1:
  version "0.6.1"
  resolved "https://registry.yarnpkg.com/source-map/-/source-map-0.6.1.tgz#74722af32e9614e9c287a8d0bbde48b5e2f1a263"
  integrity sha512-UjgapumWlbMhkBgzT7Ykc5YXUT46F0iKu8SGXq0bcwP5dz/h0Plj6enJqjz1Zbq2l5WaqYnrVbwWOWMyF3F47g==

sourcemap-codec@^1.4.1:
  version "1.4.8"
  resolved "https://registry.yarnpkg.com/sourcemap-codec/-/sourcemap-codec-1.4.8.tgz#ea804bd94857402e6992d05a38ef1ae35a9ab4c4"
  integrity sha512-9NykojV5Uih4lgo5So5dtw+f0JgJX30KCNI8gwhz2J9A15wD0Ml6tjHKwf6fTSa6fAdVBdZeNOs9eJ71qCk8vA==

ssr-window@^3.0.0-alpha.1, ssr-window@^3.0.0-alpha.4:
  version "3.0.0-alpha.4"
  resolved "https://registry.yarnpkg.com/ssr-window/-/ssr-window-3.0.0-alpha.4.tgz#0c69a18c4305ecccdd8e11596155ca07b635f345"
  integrity sha512-+dBRP/pZ+VyITxTzD0lMDzDwN/BmfUl8xi2e6t5Nz4+FqUphfcBLB1OOUSYCRNFB25rD3c8AJRYpY5rHTbL+kg==

stack-generator@^2.0.5:
  version "2.0.5"
  resolved "https://registry.yarnpkg.com/stack-generator/-/stack-generator-2.0.5.tgz#fb00e5b4ee97de603e0773ea78ce944d81596c36"
  integrity sha512-/t1ebrbHkrLrDuNMdeAcsvynWgoH/i4o8EGGfX7dEYDoTXOYVAkEpFdtshlvabzc6JlJ8Kf9YdFEoz7JkzGN9Q==
  dependencies:
    stackframe "^1.1.1"

stackframe@^1.1.1:
  version "1.2.0"
  resolved "https://registry.yarnpkg.com/stackframe/-/stackframe-1.2.0.tgz#52429492d63c62eb989804c11552e3d22e779303"
  integrity sha512-GrdeshiRmS1YLMYgzF16olf2jJ/IzxXY9lhKOskuVziubpTYcYqyOwYeJKzQkwy7uN0fYSsbsC4RQaXf9LCrYA==

stacktrace-gps@^3.0.4:
  version "3.0.4"
  resolved "https://registry.yarnpkg.com/stacktrace-gps/-/stacktrace-gps-3.0.4.tgz#7688dc2fc09ffb3a13165ebe0dbcaf41bcf0c69a"
  integrity sha512-qIr8x41yZVSldqdqe6jciXEaSCKw1U8XTXpjDuy0ki/apyTn/r3w9hDAAQOhZdxvsC93H+WwwEu5cq5VemzYeg==
  dependencies:
    source-map "0.5.6"
    stackframe "^1.1.1"

stacktrace-js@^2.0.0:
  version "2.0.2"
  resolved "https://registry.yarnpkg.com/stacktrace-js/-/stacktrace-js-2.0.2.tgz#4ca93ea9f494752d55709a081d400fdaebee897b"
  integrity sha512-Je5vBeY4S1r/RnLydLl0TBTi3F2qdfWmYsGvtfZgEI+SCprPppaIhQf5nGcal4gI4cGpCV/duLcAzT1np6sQqg==
  dependencies:
    error-stack-parser "^2.0.6"
    stack-generator "^2.0.5"
    stacktrace-gps "^3.0.4"

style-value-types@^3.1.9:
  version "3.1.9"
  resolved "https://registry.yarnpkg.com/style-value-types/-/style-value-types-3.1.9.tgz#faf7da660d3f284ed695cff61ea197d85b9122cc"
  integrity sha512-050uqgB7WdvtgacoQKm+4EgKzJExVq0sieKBQQtJiU3Muh6MYcCp4T3M8+dfl6VOF2LR0NNwXBP1QYEed8DfIw==
  dependencies:
    hey-listen "^1.0.8"
    tslib "^1.10.0"

styled-jsx@5.1.1:
  version "5.1.1"
  resolved "https://registry.yarnpkg.com/styled-jsx/-/styled-jsx-5.1.1.tgz#839a1c3aaacc4e735fed0781b8619ea5d0009d1f"
  integrity sha512-pW7uC1l4mBZ8ugbiZrcIsiIvVx1UmTfw7UkC3Um2tmfUq9Bhk8IiyEIPl6F8agHgjzku6j0xQEZbfA5uSgSaCw==
  dependencies:
    client-only "0.0.1"

stylis@3.5.0:
  version "3.5.0"
  resolved "https://registry.yarnpkg.com/stylis/-/stylis-3.5.0.tgz#016fa239663d77f868fef5b67cf201c4b7c701e1"
  integrity sha512-pP7yXN6dwMzAR29Q0mBrabPCe0/mNO1MSr93bhay+hcZondvMMTpeGyd8nbhYJdyperNT2DRxONQuUGcJr5iPw==

subscribe-event@^1.1.1:
  version "1.1.1"
  resolved "https://registry.yarnpkg.com/subscribe-event/-/subscribe-event-1.1.1.tgz#0d2f2c14c18e4de3e7d108b4dd56078b379d95c9"
  integrity sha512-ffuMVOFvhc+HSfW/Q9xSQJikswqnT7sd39EjAXi7gneZWg7XYwq/ee9rcn66ZxZEXOLXew0rJXA1GU1gH5/nzw==

swiper@^6.0.4:
  version "6.1.2"
  resolved "https://registry.yarnpkg.com/swiper/-/swiper-6.1.2.tgz#334693491915da51954fa388115c521dfba1eb6a"
  integrity sha512-g3+4yHwHD1+qjhr7cxqKyJ/zTyo1SnQv5eUVE0QdygRyb13KejtISXbN44xkLmJIw9WOS/xa7Fg5YtyBH2Kg+A==
  dependencies:
    dom7 "^3.0.0-alpha.7"
    ssr-window "^3.0.0-alpha.4"

throttle-debounce@^2.1.0:
  version "2.3.0"
  resolved "https://registry.yarnpkg.com/throttle-debounce/-/throttle-debounce-2.3.0.tgz#fd31865e66502071e411817e241465b3e9c372e2"
  integrity sha512-H7oLPV0P7+jgvrk+6mwwwBDmxTaxnu9HMXmloNLXwnNO0ZxZ31Orah2n8lU1eMPvsaowP2CX+USCgyovXfdOFQ==

toggle-selection@^1.0.6:
  version "1.0.6"
  resolved "https://registry.yarnpkg.com/toggle-selection/-/toggle-selection-1.0.6.tgz#6e45b1263f2017fa0acc7d89d78b15b8bf77da32"
  integrity sha1-bkWxJj8gF/oKzH2J14sVuL932jI=

ts-easing@^0.2.0:
  version "0.2.0"
  resolved "https://registry.yarnpkg.com/ts-easing/-/ts-easing-0.2.0.tgz#c8a8a35025105566588d87dbda05dd7fbfa5a4ec"
  integrity sha512-Z86EW+fFFh/IFB1fqQ3/+7Zpf9t2ebOAxNI/V6Wo7r5gqiqtxmgTlQ1qbqQcjLKYeSHPTsEmvlJUDg/EuL0uHQ==

tslib@^1.10.0:
  version "1.13.0"
  resolved "https://registry.yarnpkg.com/tslib/-/tslib-1.13.0.tgz#c881e13cc7015894ed914862d276436fa9a47043"
  integrity sha512-i/6DQjL8Xf3be4K/E6Wgpekn5Qasl1usyw++dAA35Ue5orEn65VIxOA+YvNNl9HV3qv70T7CNwjODHZrLwvd1Q==

tslib@^2.0.0:
  version "2.0.1"
  resolved "https://registry.yarnpkg.com/tslib/-/tslib-2.0.1.tgz#410eb0d113e5b6356490eec749603725b021b43e"
  integrity sha512-SgIkNheinmEBgx1IUNirK0TUD4X9yjjBRTqqjggWCU3pUEqIk3/Uwl3yRixYKT6WjQuGiwDv4NomL3wqRCj+CQ==

tslib@^2.4.0:
  version "2.5.0"
  resolved "https://registry.yarnpkg.com/tslib/-/tslib-2.5.0.tgz#42bfed86f5787aeb41d031866c8f402429e0fddf"
  integrity sha512-336iVw3rtn2BUK7ORdIAHTyxHGRIHVReokCR3XjbckJMK7ms8FysBfhLR8IXnAgy7T0PTPNBWKiH514FOW/WSg==

uncontrollable@^7.0.0:
  version "7.1.1"
  resolved "https://registry.yarnpkg.com/uncontrollable/-/uncontrollable-7.1.1.tgz#f67fed3ef93637126571809746323a9db815d556"
  integrity sha512-EcPYhot3uWTS3w00R32R2+vS8Vr53tttrvMj/yA1uYRhf8hbTG2GyugGqWDY0qIskxn0uTTojVd6wPYW9ZEf8Q==
  dependencies:
    "@babel/runtime" "^7.6.3"
    "@types/react" "^16.9.11"
    invariant "^2.2.4"
    react-lifecycles-compat "^3.0.4"

uri-js@^4.2.2:
  version "4.4.0"
  resolved "https://registry.yarnpkg.com/uri-js/-/uri-js-4.4.0.tgz#aa714261de793e8a82347a7bcc9ce74e86f28602"
  integrity sha512-B0yRTzYdUCCn9n+F4+Gh4yIDtMQcaJsmYBDsTSG8g/OejKBodLQ2IHfN3bM7jUsRXndopT7OIXWdYqc1fjmV6g==
  dependencies:
    punycode "^2.1.0"

url-loader@^4.0.0:
  version "4.1.0"
  resolved "https://registry.yarnpkg.com/url-loader/-/url-loader-4.1.0.tgz#c7d6b0d6b0fccd51ab3ffc58a78d32b8d89a7be2"
  integrity sha512-IzgAAIC8wRrg6NYkFIJY09vtktQcsvU8V6HhtQj9PTefbYImzLB1hufqo4m+RyM5N3mLx5BqJKccgxJS+W3kqw==
  dependencies:
    loader-utils "^2.0.0"
    mime-types "^2.1.26"
    schema-utils "^2.6.5"

use-debounce@^3.4.2:
  version "3.4.3"
  resolved "https://registry.yarnpkg.com/use-debounce/-/use-debounce-3.4.3.tgz#5df9322322b3f1b1c263d46413f9facf6d8b56ab"
  integrity sha512-nxy+opOxDccWfhMl36J5BSCTpvcj89iaQk2OZWLAtBJQj7ISCtx1gh+rFbdjGfMl6vtCZf6gke/kYvrkVfHMoA==

warning@^4.0.0, warning@^4.0.3:
  version "4.0.3"
  resolved "https://registry.yarnpkg.com/warning/-/warning-4.0.3.tgz#16e9e077eb8a86d6af7d64aa1e05fd85b4678ca3"
  integrity sha512-rpJyN222KWIvHJ/F53XSZv0Zl/accqHR8et1kpaMTD/fLCRxtV8iX8czMzY7sVZupTI3zcUTg8eycS2kNF9l6w==
  dependencies:
    loose-envify "^1.0.0"

wheel@^1.0.0:
  version "1.0.0"
  resolved "https://registry.yarnpkg.com/wheel/-/wheel-1.0.0.tgz#6cf46e06a854181adb8649228077f8b0d5c574ce"
  integrity sha512-XiCMHibOiqalCQ+BaNSwRoZ9FDTAvOsXxGHXChBugewDj7HC8VBIER71dEOiRH1fSdLbRCQzngKTSiZ06ZQzeA==
